PODS:
  - coinbase_wallet_sdk (0.0.1):
    - CoinbaseWalletSDK/CrossPlatform (= 1.0.3)
    - Flutter
  - CoinbaseWalletSDK/Client (1.0.3)
  - CoinbaseWalletSDK/CrossPlatform (1.0.3):
    - CoinbaseWalletSDK/Client
  - Flutter (1.0.0)

DEPENDENCIES:
  - coinbase_wallet_sdk (from `.symlinks/plugins/coinbase_wallet_sdk/ios`)
  - CoinbaseWalletSDK/CrossPlatform (from `../../../`)
  - Flutter (from `Flutter`)

EXTERNAL SOURCES:
  coinbase_wallet_sdk:
    :path: ".symlinks/plugins/coinbase_wallet_sdk/ios"
  CoinbaseWalletSDK:
    :path: "../../../"
  Flutter:
    :path: Flutter

SPEC CHECKSUMS:
  coinbase_wallet_sdk: ff361faf52d1e546669e7ab95d50d40e978279db
  CoinbaseWalletSDK: 304652e641f9fb265082ff3f3e8c4f45e695e947
  Flutter: f04841e97a9d0b0a8025694d0796dd46242b2854

PODFILE CHECKSUM: 68b6551551cae09c348a14eb4b4c634c3ed7db74

COCOAPODS: 1.11.3
