PODS:
  - coinbase_wallet_sdk (0.0.1):
    - CoinbaseWalletSDK/CrossPlatform (= 1.0.1)
    - Flutter
  - CoinbaseWalletSDK/Client (1.0.1)
  - CoinbaseWalletSDK/CrossPlatform (1.0.1):
    - CoinbaseWalletSDK/Client
  - Flutter (1.0.0)

DEPENDENCIES:
  - coinbase_wallet_sdk (from `.symlinks/plugins/coinbase_wallet_sdk/ios`)
  - CoinbaseWalletSDK/CrossPlatform (from `../../../`)
  - Flutter (from `Flutter`)

EXTERNAL SOURCES:
  coinbase_wallet_sdk:
    :path: ".symlinks/plugins/coinbase_wallet_sdk/ios"
  CoinbaseWalletSDK:
    :path: "../../../"
  Flutter:
    :path: Flutter

SPEC CHECKSUMS:
  coinbase_wallet_sdk: fc9b89c492d2f508b3b693d94ba5fda7b4e853bf
  CoinbaseWalletSDK: d63f1dac677f17e0bc94a6587088dc8502f47de1
  Flutter: f04841e97a9d0b0a8025694d0796dd46242b2854

PODFILE CHECKSUM: 68b6551551cae09c348a14eb4b4c634c3ed7db74

COCOAPODS: 1.11.3
