// !$*UTF8*$!
{
	archiveVersion = 1;
	classes = {
	};
	objectVersion = 55;
	objects = {

/* Begin PBXBuildFile section */
		0A723ACCE64A2D8F7CA66D74 /* Pods_SampleClient.framework in Frameworks */ = {isa = PBXBuildFile; fileRef = 991C2676A0AA2004706C5127 /* Pods_SampleClient.framework */; };
		1C7269BCB98CC6FD083AAA97 /* Pods_SampleWallet.framework in Frameworks */ = {isa = PBXBuildFile; fileRef = 9332E17A5957CEFEBB4B4E37 /* Pods_SampleWallet.framework */; };
		5D03D1AF292D7DE2008FDBB1 /* PickerViewController.swift in Sources */ = {isa = PBXBuildFile; fileRef = 5D03D1AE292D7DE2008FDBB1 /* PickerViewController.swift */; };
		5DA9B3CF286A755E0089D6DB /* AppDelegate.swift in Sources */ = {isa = PBXBuildFile; fileRef = 5DA9B3CE286A755E0089D6DB /* AppDelegate.swift */; };
		5DA9B3D3286A755E0089D6DB /* WalletViewController.swift in Sources */ = {isa = PBXBuildFile; fileRef = 5DA9B3D2286A755E0089D6DB /* WalletViewController.swift */; };
		5DA9B3D6286A755E0089D6DB /* Main.storyboard in Resources */ = {isa = PBXBuildFile; fileRef = 5DA9B3D4286A755E0089D6DB /* Main.storyboard */; };
		5DFB132A292EAFA00037B30B /* UIImageView+loadUrl.swift in Sources */ = {isa = PBXBuildFile; fileRef = 5DFB1329292EAFA00037B30B /* UIImageView+loadUrl.swift */; };
		5DFB1332292EC4AD0037B30B /* AppDelegate.swift in Sources */ = {isa = PBXBuildFile; fileRef = 5DFB1331292EC4AD0037B30B /* AppDelegate.swift */; };
		5DFB1339292EC4AD0037B30B /* Main.storyboard in Resources */ = {isa = PBXBuildFile; fileRef = 5DFB1337292EC4AD0037B30B /* Main.storyboard */; };
/* End PBXBuildFile section */

/* Begin PBXFileReference section */
		25C80C9F66C90C18D2F1E348 /* Pods-SampleClient.debug.xcconfig */ = {isa = PBXFileReference; includeInIndex = 1; lastKnownFileType = text.xcconfig; name = "Pods-SampleClient.debug.xcconfig"; path = "Target Support Files/Pods-SampleClient/Pods-SampleClient.debug.xcconfig"; sourceTree = "<group>"; };
		5D03D1AE292D7DE2008FDBB1 /* PickerViewController.swift */ = {isa = PBXFileReference; lastKnownFileType = sourcecode.swift; path = PickerViewController.swift; sourceTree = "<group>"; };
		5DA9B3CB286A755E0089D6DB /* SampleClient.app */ = {isa = PBXFileReference; explicitFileType = wrapper.application; includeInIndex = 0; path = SampleClient.app; sourceTree = BUILT_PRODUCTS_DIR; };
		5DA9B3CE286A755E0089D6DB /* AppDelegate.swift */ = {isa = PBXFileReference; lastKnownFileType = sourcecode.swift; path = AppDelegate.swift; sourceTree = "<group>"; };
		5DA9B3D2286A755E0089D6DB /* WalletViewController.swift */ = {isa = PBXFileReference; lastKnownFileType = sourcecode.swift; path = WalletViewController.swift; sourceTree = "<group>"; };
		5DA9B3D5286A755E0089D6DB /* Base */ = {isa = PBXFileReference; lastKnownFileType = file.storyboard; name = Base; path = Base.lproj/Main.storyboard; sourceTree = "<group>"; };
		5DA9B3DC286A755F0089D6DB /* Info.plist */ = {isa = PBXFileReference; lastKnownFileType = text.plist.xml; path = Info.plist; sourceTree = "<group>"; };
		5DFB1329292EAFA00037B30B /* UIImageView+loadUrl.swift */ = {isa = PBXFileReference; lastKnownFileType = sourcecode.swift; path = "UIImageView+loadUrl.swift"; sourceTree = "<group>"; };
		5DFB132F292EC4AD0037B30B /* SampleWallet.app */ = {isa = PBXFileReference; explicitFileType = wrapper.application; includeInIndex = 0; path = SampleWallet.app; sourceTree = BUILT_PRODUCTS_DIR; };
		5DFB1331292EC4AD0037B30B /* AppDelegate.swift */ = {isa = PBXFileReference; lastKnownFileType = sourcecode.swift; path = AppDelegate.swift; sourceTree = "<group>"; };
		5DFB1338292EC4AD0037B30B /* Base */ = {isa = PBXFileReference; lastKnownFileType = file.storyboard; name = Base; path = Base.lproj/Main.storyboard; sourceTree = "<group>"; };
		5DFB133F292EC4AE0037B30B /* Info.plist */ = {isa = PBXFileReference; lastKnownFileType = text.plist.xml; path = Info.plist; sourceTree = "<group>"; };
		6262F47296CB4A7EAED8D328 /* Pods-SampleWallet.debug.xcconfig */ = {isa = PBXFileReference; includeInIndex = 1; lastKnownFileType = text.xcconfig; name = "Pods-SampleWallet.debug.xcconfig"; path = "Target Support Files/Pods-SampleWallet/Pods-SampleWallet.debug.xcconfig"; sourceTree = "<group>"; };
		9332E17A5957CEFEBB4B4E37 /* Pods_SampleWallet.framework */ = {isa = PBXFileReference; explicitFileType = wrapper.framework; includeInIndex = 0; path = Pods_SampleWallet.framework; sourceTree = BUILT_PRODUCTS_DIR; };
		991C2676A0AA2004706C5127 /* Pods_SampleClient.framework */ = {isa = PBXFileReference; explicitFileType = wrapper.framework; includeInIndex = 0; path = Pods_SampleClient.framework; sourceTree = BUILT_PRODUCTS_DIR; };
		B72EC3692EFE450A12A8E2A2 /* Pods-SampleClient.release.xcconfig */ = {isa = PBXFileReference; includeInIndex = 1; lastKnownFileType = text.xcconfig; name = "Pods-SampleClient.release.xcconfig"; path = "Target Support Files/Pods-SampleClient/Pods-SampleClient.release.xcconfig"; sourceTree = "<group>"; };
		CF86DFD4878BA7F3D96AA5D6 /* Pods-SampleWallet.release.xcconfig */ = {isa = PBXFileReference; includeInIndex = 1; lastKnownFileType = text.xcconfig; name = "Pods-SampleWallet.release.xcconfig"; path = "Target Support Files/Pods-SampleWallet/Pods-SampleWallet.release.xcconfig"; sourceTree = "<group>"; };
/* End PBXFileReference section */

/* Begin PBXFrameworksBuildPhase section */
		5DA9B3C8286A755E0089D6DB /* Frameworks */ = {
			isa = PBXFrameworksBuildPhase;
			buildActionMask = 2147483647;
			files = (
				0A723ACCE64A2D8F7CA66D74 /* Pods_SampleClient.framework in Frameworks */,
			);
			runOnlyForDeploymentPostprocessing = 0;
		};
		5DFB132C292EC4AD0037B30B /* Frameworks */ = {
			isa = PBXFrameworksBuildPhase;
			buildActionMask = 2147483647;
			files = (
				1C7269BCB98CC6FD083AAA97 /* Pods_SampleWallet.framework in Frameworks */,
			);
			runOnlyForDeploymentPostprocessing = 0;
		};
/* End PBXFrameworksBuildPhase section */

/* Begin PBXGroup section */
		51AC5D6DCCB61B979D9D716E /* Pods */ = {
			isa = PBXGroup;
			children = (
				25C80C9F66C90C18D2F1E348 /* Pods-SampleClient.debug.xcconfig */,
				B72EC3692EFE450A12A8E2A2 /* Pods-SampleClient.release.xcconfig */,
				6262F47296CB4A7EAED8D328 /* Pods-SampleWallet.debug.xcconfig */,
				CF86DFD4878BA7F3D96AA5D6 /* Pods-SampleWallet.release.xcconfig */,
			);
			path = Pods;
			sourceTree = "<group>";
		};
		5DA9B3C2286A755E0089D6DB = {
			isa = PBXGroup;
			children = (
				5DA9B3CD286A755E0089D6DB /* SampleClient */,
				5DFB1330292EC4AD0037B30B /* SampleWallet */,
				5DA9B3CC286A755E0089D6DB /* Products */,
				51AC5D6DCCB61B979D9D716E /* Pods */,
				86DBE4E70BFBE6C1864626B9 /* Frameworks */,
			);
			sourceTree = "<group>";
		};
		5DA9B3CC286A755E0089D6DB /* Products */ = {
			isa = PBXGroup;
			children = (
				5DA9B3CB286A755E0089D6DB /* SampleClient.app */,
				5DFB132F292EC4AD0037B30B /* SampleWallet.app */,
			);
			name = Products;
			sourceTree = "<group>";
		};
		5DA9B3CD286A755E0089D6DB /* SampleClient */ = {
			isa = PBXGroup;
			children = (
				5DA9B3CE286A755E0089D6DB /* AppDelegate.swift */,
				5D03D1AE292D7DE2008FDBB1 /* PickerViewController.swift */,
				5DA9B3D2286A755E0089D6DB /* WalletViewController.swift */,
				5DFB1329292EAFA00037B30B /* UIImageView+loadUrl.swift */,
				5DA9B3D4286A755E0089D6DB /* Main.storyboard */,
				5DA9B3DC286A755F0089D6DB /* Info.plist */,
			);
			path = SampleClient;
			sourceTree = "<group>";
		};
		5DFB1330292EC4AD0037B30B /* SampleWallet */ = {
			isa = PBXGroup;
			children = (
				5DFB1331292EC4AD0037B30B /* AppDelegate.swift */,
				5DFB1337292EC4AD0037B30B /* Main.storyboard */,
				5DFB133F292EC4AE0037B30B /* Info.plist */,
			);
			path = SampleWallet;
			sourceTree = "<group>";
		};
		86DBE4E70BFBE6C1864626B9 /* Frameworks */ = {
			isa = PBXGroup;
			children = (
				991C2676A0AA2004706C5127 /* Pods_SampleClient.framework */,
				9332E17A5957CEFEBB4B4E37 /* Pods_SampleWallet.framework */,
			);
			name = Frameworks;
			sourceTree = "<group>";
		};
/* End PBXGroup section */

/* Begin PBXNativeTarget section */
		5DA9B3CA286A755E0089D6DB /* SampleClient */ = {
			isa = PBXNativeTarget;
			buildConfigurationList = 5DA9B3DF286A755F0089D6DB /* Build configuration list for PBXNativeTarget "SampleClient" */;
			buildPhases = (
				7B1D362306176B70DC846ABB /* [CP] Check Pods Manifest.lock */,
				5DA9B3C7286A755E0089D6DB /* Sources */,
				5DA9B3C8286A755E0089D6DB /* Frameworks */,
				5DA9B3C9286A755E0089D6DB /* Resources */,
				CC5FFB360307AD598EB02300 /* [CP] Embed Pods Frameworks */,
			);
			buildRules = (
			);
			dependencies = (
			);
			name = SampleClient;
			productName = NativeWeb3App;
			productReference = 5DA9B3CB286A755E0089D6DB /* SampleClient.app */;
			productType = "com.apple.product-type.application";
		};
		5DFB132E292EC4AD0037B30B /* SampleWallet */ = {
			isa = PBXNativeTarget;
			buildConfigurationList = 5DFB1342292EC4AE0037B30B /* Build configuration list for PBXNativeTarget "SampleWallet" */;
			buildPhases = (
				EC7DE457694F927664EB6AAB /* [CP] Check Pods Manifest.lock */,
				5DFB132B292EC4AD0037B30B /* Sources */,
				5DFB132C292EC4AD0037B30B /* Frameworks */,
				5DFB132D292EC4AD0037B30B /* Resources */,
				EE0C0B496B9BF278D1E1651B /* [CP] Embed Pods Frameworks */,
			);
			buildRules = (
			);
			dependencies = (
			);
			name = SampleWallet;
			productName = SampleWallet;
			productReference = 5DFB132F292EC4AD0037B30B /* SampleWallet.app */;
			productType = "com.apple.product-type.application";
		};
/* End PBXNativeTarget section */

/* Begin PBXProject section */
		5DA9B3C3286A755E0089D6DB /* Project object */ = {
			isa = PBXProject;
			attributes = {
				BuildIndependentTargetsInParallel = 1;
				LastSwiftUpdateCheck = 1410;
				LastUpgradeCheck = 1330;
				TargetAttributes = {
					5DA9B3CA286A755E0089D6DB = {
						CreatedOnToolsVersion = 13.3.1;
					};
					5DFB132E292EC4AD0037B30B = {
						CreatedOnToolsVersion = 14.1;
					};
				};
			};
			buildConfigurationList = 5DA9B3C6286A755E0089D6DB /* Build configuration list for PBXProject "Examples" */;
			compatibilityVersion = "Xcode 13.0";
			developmentRegion = en;
			hasScannedForEncodings = 0;
			knownRegions = (
				en,
				Base,
			);
			mainGroup = 5DA9B3C2286A755E0089D6DB;
			productRefGroup = 5DA9B3CC286A755E0089D6DB /* Products */;
			projectDirPath = "";
			projectRoot = "";
			targets = (
				5DA9B3CA286A755E0089D6DB /* SampleClient */,
				5DFB132E292EC4AD0037B30B /* SampleWallet */,
			);
		};
/* End PBXProject section */

/* Begin PBXResourcesBuildPhase section */
		5DA9B3C9286A755E0089D6DB /* Resources */ = {
			isa = PBXResourcesBuildPhase;
			buildActionMask = 2147483647;
			files = (
				5DA9B3D6286A755E0089D6DB /* Main.storyboard in Resources */,
			);
			runOnlyForDeploymentPostprocessing = 0;
		};
		5DFB132D292EC4AD0037B30B /* Resources */ = {
			isa = PBXResourcesBuildPhase;
			buildActionMask = 2147483647;
			files = (
				5DFB1339292EC4AD0037B30B /* Main.storyboard in Resources */,
			);
			runOnlyForDeploymentPostprocessing = 0;
		};
/* End PBXResourcesBuildPhase section */

/* Begin PBXShellScriptBuildPhase section */
		7B1D362306176B70DC846ABB /* [CP] Check Pods Manifest.lock */ = {
			isa = PBXShellScriptBuildPhase;
			buildActionMask = 2147483647;
			files = (
			);
			inputFileListPaths = (
			);
			inputPaths = (
				"${PODS_PODFILE_DIR_PATH}/Podfile.lock",
				"${PODS_ROOT}/Manifest.lock",
			);
			name = "[CP] Check Pods Manifest.lock";
			outputFileListPaths = (
			);
			outputPaths = (
				"$(DERIVED_FILE_DIR)/Pods-SampleClient-checkManifestLockResult.txt",
			);
			runOnlyForDeploymentPostprocessing = 0;
			shellPath = /bin/sh;
			shellScript = "diff \"${PODS_PODFILE_DIR_PATH}/Podfile.lock\" \"${PODS_ROOT}/Manifest.lock\" > /dev/null\nif [ $? != 0 ] ; then\n    # print error to STDERR\n    echo \"error: The sandbox is not in sync with the Podfile.lock. Run 'pod install' or update your CocoaPods installation.\" >&2\n    exit 1\nfi\n# This output is used by Xcode 'outputs' to avoid re-running this script phase.\necho \"SUCCESS\" > \"${SCRIPT_OUTPUT_FILE_0}\"\n";
			showEnvVarsInLog = 0;
		};
		CC5FFB360307AD598EB02300 /* [CP] Embed Pods Frameworks */ = {
			isa = PBXShellScriptBuildPhase;
			buildActionMask = 2147483647;
			files = (
			);
			inputFileListPaths = (
				"${PODS_ROOT}/Target Support Files/Pods-SampleClient/Pods-SampleClient-frameworks-${CONFIGURATION}-input-files.xcfilelist",
			);
			name = "[CP] Embed Pods Frameworks";
			outputFileListPaths = (
				"${PODS_ROOT}/Target Support Files/Pods-SampleClient/Pods-SampleClient-frameworks-${CONFIGURATION}-output-files.xcfilelist",
			);
			runOnlyForDeploymentPostprocessing = 0;
			shellPath = /bin/sh;
			shellScript = "\"${PODS_ROOT}/Target Support Files/Pods-SampleClient/Pods-SampleClient-frameworks.sh\"\n";
			showEnvVarsInLog = 0;
		};
		EC7DE457694F927664EB6AAB /* [CP] Check Pods Manifest.lock */ = {
			isa = PBXShellScriptBuildPhase;
			buildActionMask = 2147483647;
			files = (
			);
			inputFileListPaths = (
			);
			inputPaths = (
				"${PODS_PODFILE_DIR_PATH}/Podfile.lock",
				"${PODS_ROOT}/Manifest.lock",
			);
			name = "[CP] Check Pods Manifest.lock";
			outputFileListPaths = (
			);
			outputPaths = (
				"$(DERIVED_FILE_DIR)/Pods-SampleWallet-checkManifestLockResult.txt",
			);
			runOnlyForDeploymentPostprocessing = 0;
			shellPath = /bin/sh;
			shellScript = "diff \"${PODS_PODFILE_DIR_PATH}/Podfile.lock\" \"${PODS_ROOT}/Manifest.lock\" > /dev/null\nif [ $? != 0 ] ; then\n    # print error to STDERR\n    echo \"error: The sandbox is not in sync with the Podfile.lock. Run 'pod install' or update your CocoaPods installation.\" >&2\n    exit 1\nfi\n# This output is used by Xcode 'outputs' to avoid re-running this script phase.\necho \"SUCCESS\" > \"${SCRIPT_OUTPUT_FILE_0}\"\n";
			showEnvVarsInLog = 0;
		};
		EE0C0B496B9BF278D1E1651B /* [CP] Embed Pods Frameworks */ = {
			isa = PBXShellScriptBuildPhase;
			buildActionMask = 2147483647;
			files = (
			);
			inputFileListPaths = (
				"${PODS_ROOT}/Target Support Files/Pods-SampleWallet/Pods-SampleWallet-frameworks-${CONFIGURATION}-input-files.xcfilelist",
			);
			name = "[CP] Embed Pods Frameworks";
			outputFileListPaths = (
				"${PODS_ROOT}/Target Support Files/Pods-SampleWallet/Pods-SampleWallet-frameworks-${CONFIGURATION}-output-files.xcfilelist",
			);
			runOnlyForDeploymentPostprocessing = 0;
			shellPath = /bin/sh;
			shellScript = "\"${PODS_ROOT}/Target Support Files/Pods-SampleWallet/Pods-SampleWallet-frameworks.sh\"\n";
			showEnvVarsInLog = 0;
		};
/* End PBXShellScriptBuildPhase section */

/* Begin PBXSourcesBuildPhase section */
		5DA9B3C7286A755E0089D6DB /* Sources */ = {
			isa = PBXSourcesBuildPhase;
			buildActionMask = 2147483647;
			files = (
				5D03D1AF292D7DE2008FDBB1 /* PickerViewController.swift in Sources */,
				5DA9B3D3286A755E0089D6DB /* WalletViewController.swift in Sources */,
				5DA9B3CF286A755E0089D6DB /* AppDelegate.swift in Sources */,
				5DFB132A292EAFA00037B30B /* UIImageView+loadUrl.swift in Sources */,
			);
			runOnlyForDeploymentPostprocessing = 0;
		};
		5DFB132B292EC4AD0037B30B /* Sources */ = {
			isa = PBXSourcesBuildPhase;
			buildActionMask = 2147483647;
			files = (
				5DFB1332292EC4AD0037B30B /* AppDelegate.swift in Sources */,
			);
			runOnlyForDeploymentPostprocessing = 0;
		};
/* End PBXSourcesBuildPhase section */

/* Begin PBXVariantGroup section */
		5DA9B3D4286A755E0089D6DB /* Main.storyboard */ = {
			isa = PBXVariantGroup;
			children = (
				5DA9B3D5286A755E0089D6DB /* Base */,
			);
			name = Main.storyboard;
			sourceTree = "<group>";
		};
		5DFB1337292EC4AD0037B30B /* Main.storyboard */ = {
			isa = PBXVariantGroup;
			children = (
				5DFB1338292EC4AD0037B30B /* Base */,
			);
			name = Main.storyboard;
			sourceTree = "<group>";
		};
/* End PBXVariantGroup section */

/* Begin XCBuildConfiguration section */
		5DA9B3DD286A755F0089D6DB /* Debug */ = {
			isa = XCBuildConfiguration;
			buildSettings = {
				ALWAYS_SEARCH_USER_PATHS = NO;
				CLANG_ANALYZER_NONNULL = YES;
				CLANG_ANALYZER_NUMBER_OBJECT_CONVERSION = YES_AGGRESSIVE;
				CLANG_CXX_LANGUAGE_STANDARD = "gnu++17";
				CLANG_ENABLE_MODULES = YES;
				CLANG_ENABLE_OBJC_ARC = YES;
				CLANG_ENABLE_OBJC_WEAK = YES;
				CLANG_WARN_BLOCK_CAPTURE_AUTORELEASING = YES;
				CLANG_WARN_BOOL_CONVERSION = YES;
				CLANG_WARN_COMMA = YES;
				CLANG_WARN_CONSTANT_CONVERSION = YES;
				CLANG_WARN_DEPRECATED_OBJC_IMPLEMENTATIONS = YES;
				CLANG_WARN_DIRECT_OBJC_ISA_USAGE = YES_ERROR;
				CLANG_WARN_DOCUMENTATION_COMMENTS = YES;
				CLANG_WARN_EMPTY_BODY = YES;
				CLANG_WARN_ENUM_CONVERSION = YES;
				CLANG_WARN_INFINITE_RECURSION = YES;
				CLANG_WARN_INT_CONVERSION = YES;
				CLANG_WARN_NON_LITERAL_NULL_CONVERSION = YES;
				CLANG_WARN_OBJC_IMPLICIT_RETAIN_SELF = YES;
				CLANG_WARN_OBJC_LITERAL_CONVERSION = YES;
				CLANG_WARN_OBJC_ROOT_CLASS = YES_ERROR;
				CLANG_WARN_QUOTED_INCLUDE_IN_FRAMEWORK_HEADER = YES;
				CLANG_WARN_RANGE_LOOP_ANALYSIS = YES;
				CLANG_WARN_STRICT_PROTOTYPES = YES;
				CLANG_WARN_SUSPICIOUS_MOVE = YES;
				CLANG_WARN_UNGUARDED_AVAILABILITY = YES_AGGRESSIVE;
				CLANG_WARN_UNREACHABLE_CODE = YES;
				CLANG_WARN__DUPLICATE_METHOD_MATCH = YES;
				COPY_PHASE_STRIP = NO;
				DEBUG_INFORMATION_FORMAT = dwarf;
				ENABLE_STRICT_OBJC_MSGSEND = YES;
				ENABLE_TESTABILITY = YES;
				GCC_C_LANGUAGE_STANDARD = gnu11;
				GCC_DYNAMIC_NO_PIC = NO;
				GCC_NO_COMMON_BLOCKS = YES;
				GCC_OPTIMIZATION_LEVEL = 0;
				GCC_PREPROCESSOR_DEFINITIONS = (
					"DEBUG=1",
					"$(inherited)",
				);
				GCC_WARN_64_TO_32_BIT_CONVERSION = YES;
				GCC_WARN_ABOUT_RETURN_TYPE = YES_ERROR;
				GCC_WARN_UNDECLARED_SELECTOR = YES;
				GCC_WARN_UNINITIALIZED_AUTOS = YES_AGGRESSIVE;
				GCC_WARN_UNUSED_FUNCTION = YES;
				GCC_WARN_UNUSED_VARIABLE = YES;
				IPHONEOS_DEPLOYMENT_TARGET = 15.4;
				MTL_ENABLE_DEBUG_INFO = INCLUDE_SOURCE;
				MTL_FAST_MATH = YES;
				ONLY_ACTIVE_ARCH = YES;
				SDKROOT = iphoneos;
				SWIFT_ACTIVE_COMPILATION_CONDITIONS = DEBUG;
				SWIFT_OPTIMIZATION_LEVEL = "-Onone";
			};
			name = Debug;
		};
		5DA9B3DE286A755F0089D6DB /* Release */ = {
			isa = XCBuildConfiguration;
			buildSettings = {
				ALWAYS_SEARCH_USER_PATHS = NO;
				CLANG_ANALYZER_NONNULL = YES;
				CLANG_ANALYZER_NUMBER_OBJECT_CONVERSION = YES_AGGRESSIVE;
				CLANG_CXX_LANGUAGE_STANDARD = "gnu++17";
				CLANG_ENABLE_MODULES = YES;
				CLANG_ENABLE_OBJC_ARC = YES;
				CLANG_ENABLE_OBJC_WEAK = YES;
				CLANG_WARN_BLOCK_CAPTURE_AUTORELEASING = YES;
				CLANG_WARN_BOOL_CONVERSION = YES;
				CLANG_WARN_COMMA = YES;
				CLANG_WARN_CONSTANT_CONVERSION = YES;
				CLANG_WARN_DEPRECATED_OBJC_IMPLEMENTATIONS = YES;
				CLANG_WARN_DIRECT_OBJC_ISA_USAGE = YES_ERROR;
				CLANG_WARN_DOCUMENTATION_COMMENTS = YES;
				CLANG_WARN_EMPTY_BODY = YES;
				CLANG_WARN_ENUM_CONVERSION = YES;
				CLANG_WARN_INFINITE_RECURSION = YES;
				CLANG_WARN_INT_CONVERSION = YES;
				CLANG_WARN_NON_LITERAL_NULL_CONVERSION = YES;
				CLANG_WARN_OBJC_IMPLICIT_RETAIN_SELF = YES;
				CLANG_WARN_OBJC_LITERAL_CONVERSION = YES;
				CLANG_WARN_OBJC_ROOT_CLASS = YES_ERROR;
				CLANG_WARN_QUOTED_INCLUDE_IN_FRAMEWORK_HEADER = YES;
				CLANG_WARN_RANGE_LOOP_ANALYSIS = YES;
				CLANG_WARN_STRICT_PROTOTYPES = YES;
				CLANG_WARN_SUSPICIOUS_MOVE = YES;
				CLANG_WARN_UNGUARDED_AVAILABILITY = YES_AGGRESSIVE;
				CLANG_WARN_UNREACHABLE_CODE = YES;
				CLANG_WARN__DUPLICATE_METHOD_MATCH = YES;
				COPY_PHASE_STRIP = NO;
				DEBUG_INFORMATION_FORMAT = "dwarf-with-dsym";
				ENABLE_NS_ASSERTIONS = NO;
				ENABLE_STRICT_OBJC_MSGSEND = YES;
				GCC_C_LANGUAGE_STANDARD = gnu11;
				GCC_NO_COMMON_BLOCKS = YES;
				GCC_WARN_64_TO_32_BIT_CONVERSION = YES;
				GCC_WARN_ABOUT_RETURN_TYPE = YES_ERROR;
				GCC_WARN_UNDECLARED_SELECTOR = YES;
				GCC_WARN_UNINITIALIZED_AUTOS = YES_AGGRESSIVE;
				GCC_WARN_UNUSED_FUNCTION = YES;
				GCC_WARN_UNUSED_VARIABLE = YES;
				IPHONEOS_DEPLOYMENT_TARGET = 15.4;
				MTL_ENABLE_DEBUG_INFO = NO;
				MTL_FAST_MATH = YES;
				SDKROOT = iphoneos;
				SWIFT_COMPILATION_MODE = wholemodule;
				SWIFT_OPTIMIZATION_LEVEL = "-O";
				VALIDATE_PRODUCT = YES;
			};
			name = Release;
		};
		5DA9B3E0286A755F0089D6DB /* Debug */ = {
			isa = XCBuildConfiguration;
			baseConfigurationReference = 25C80C9F66C90C18D2F1E348 /* Pods-SampleClient.debug.xcconfig */;
			buildSettings = {
				ASSETCATALOG_COMPILER_GLOBAL_ACCENT_COLOR_NAME = AccentColor;
				CODE_SIGN_STYLE = Automatic;
				CURRENT_PROJECT_VERSION = 1;
				DEVELOPMENT_TEAM = B7Y3D73M65;
				GENERATE_INFOPLIST_FILE = YES;
				INFOPLIST_FILE = SampleClient/Info.plist;
				INFOPLIST_KEY_UIApplicationSupportsIndirectInputEvents = YES;
				INFOPLIST_KEY_UILaunchStoryboardName = Main;
				INFOPLIST_KEY_UIMainStoryboardFile = Main;
				INFOPLIST_KEY_UISupportedInterfaceOrientations_iPad = "UIInterfaceOrientationPortrait UIInterfaceOrientationPortraitUpsideDown UIInterfaceOrientationLandscapeLeft UIInterfaceOrientationLandscapeRight";
				INFOPLIST_KEY_UISupportedInterfaceOrientations_iPhone = "UIInterfaceOrientationPortrait UIInterfaceOrientationLandscapeLeft UIInterfaceOrientationLandscapeRight";
				LD_RUNPATH_SEARCH_PATHS = (
					"$(inherited)",
					"@executable_path/Frameworks",
				);
				MARKETING_VERSION = 1.0;
				PRODUCT_BUNDLE_IDENTIFIER = com.coinbase.SampleClient;
				PRODUCT_NAME = "$(TARGET_NAME)";
				SWIFT_EMIT_LOC_STRINGS = YES;
				SWIFT_VERSION = 5.0;
				TARGETED_DEVICE_FAMILY = "1,2";
			};
			name = Debug;
		};
		5DA9B3E1286A755F0089D6DB /* Release */ = {
			isa = XCBuildConfiguration;
			baseConfigurationReference = B72EC3692EFE450A12A8E2A2 /* Pods-SampleClient.release.xcconfig */;
			buildSettings = {
				ASSETCATALOG_COMPILER_GLOBAL_ACCENT_COLOR_NAME = AccentColor;
				CODE_SIGN_STYLE = Automatic;
				CURRENT_PROJECT_VERSION = 1;
				DEVELOPMENT_TEAM = B7Y3D73M65;
				GENERATE_INFOPLIST_FILE = YES;
				INFOPLIST_FILE = SampleClient/Info.plist;
				INFOPLIST_KEY_UIApplicationSupportsIndirectInputEvents = YES;
				INFOPLIST_KEY_UILaunchStoryboardName = Main;
				INFOPLIST_KEY_UIMainStoryboardFile = Main;
				INFOPLIST_KEY_UISupportedInterfaceOrientations_iPad = "UIInterfaceOrientationPortrait UIInterfaceOrientationPortraitUpsideDown UIInterfaceOrientationLandscapeLeft UIInterfaceOrientationLandscapeRight";
				INFOPLIST_KEY_UISupportedInterfaceOrientations_iPhone = "UIInterfaceOrientationPortrait UIInterfaceOrientationLandscapeLeft UIInterfaceOrientationLandscapeRight";
				LD_RUNPATH_SEARCH_PATHS = (
					"$(inherited)",
					"@executable_path/Frameworks",
				);
				MARKETING_VERSION = 1.0;
				PRODUCT_BUNDLE_IDENTIFIER = com.coinbase.SampleClient;
				PRODUCT_NAME = "$(TARGET_NAME)";
				SWIFT_EMIT_LOC_STRINGS = YES;
				SWIFT_VERSION = 5.0;
				TARGETED_DEVICE_FAMILY = "1,2";
			};
			name = Release;
		};
		5DFB1340292EC4AE0037B30B /* Debug */ = {
			isa = XCBuildConfiguration;
			baseConfigurationReference = 6262F47296CB4A7EAED8D328 /* Pods-SampleWallet.debug.xcconfig */;
			buildSettings = {
				ASSETCATALOG_COMPILER_GLOBAL_ACCENT_COLOR_NAME = AccentColor;
				CLANG_CXX_LANGUAGE_STANDARD = "gnu++20";
				CODE_SIGN_STYLE = Automatic;
				CURRENT_PROJECT_VERSION = 1;
				DEVELOPMENT_TEAM = B7Y3D73M65;
				GENERATE_INFOPLIST_FILE = YES;
				INFOPLIST_FILE = SampleWallet/Info.plist;
				INFOPLIST_KEY_UIApplicationSupportsIndirectInputEvents = YES;
				INFOPLIST_KEY_UILaunchStoryboardName = LaunchScreen;
				INFOPLIST_KEY_UIMainStoryboardFile = Main;
				INFOPLIST_KEY_UISupportedInterfaceOrientations_iPad = "UIInterfaceOrientationPortrait UIInterfaceOrientationPortraitUpsideDown UIInterfaceOrientationLandscapeLeft UIInterfaceOrientationLandscapeRight";
				INFOPLIST_KEY_UISupportedInterfaceOrientations_iPhone = "UIInterfaceOrientationPortrait UIInterfaceOrientationLandscapeLeft UIInterfaceOrientationLandscapeRight";
				IPHONEOS_DEPLOYMENT_TARGET = 15.4;
				LD_RUNPATH_SEARCH_PATHS = (
					"$(inherited)",
					"@executable_path/Frameworks",
				);
				MARKETING_VERSION = 1.0;
				PRODUCT_BUNDLE_IDENTIFIER = com.coinbase.SampleWallet;
				PRODUCT_NAME = "$(TARGET_NAME)";
				SWIFT_EMIT_LOC_STRINGS = YES;
				SWIFT_VERSION = 5.0;
				TARGETED_DEVICE_FAMILY = "1,2";
			};
			name = Debug;
		};
		5DFB1341292EC4AE0037B30B /* Release */ = {
			isa = XCBuildConfiguration;
			baseConfigurationReference = CF86DFD4878BA7F3D96AA5D6 /* Pods-SampleWallet.release.xcconfig */;
			buildSettings = {
				ASSETCATALOG_COMPILER_GLOBAL_ACCENT_COLOR_NAME = AccentColor;
				CLANG_CXX_LANGUAGE_STANDARD = "gnu++20";
				CODE_SIGN_STYLE = Automatic;
				CURRENT_PROJECT_VERSION = 1;
				DEVELOPMENT_TEAM = B7Y3D73M65;
				GENERATE_INFOPLIST_FILE = YES;
				INFOPLIST_FILE = SampleWallet/Info.plist;
				INFOPLIST_KEY_UIApplicationSupportsIndirectInputEvents = YES;
				INFOPLIST_KEY_UILaunchStoryboardName = LaunchScreen;
				INFOPLIST_KEY_UIMainStoryboardFile = Main;
				INFOPLIST_KEY_UISupportedInterfaceOrientations_iPad = "UIInterfaceOrientationPortrait UIInterfaceOrientationPortraitUpsideDown UIInterfaceOrientationLandscapeLeft UIInterfaceOrientationLandscapeRight";
				INFOPLIST_KEY_UISupportedInterfaceOrientations_iPhone = "UIInterfaceOrientationPortrait UIInterfaceOrientationLandscapeLeft UIInterfaceOrientationLandscapeRight";
				IPHONEOS_DEPLOYMENT_TARGET = 15.4;
				LD_RUNPATH_SEARCH_PATHS = (
					"$(inherited)",
					"@executable_path/Frameworks",
				);
				MARKETING_VERSION = 1.0;
				PRODUCT_BUNDLE_IDENTIFIER = com.coinbase.SampleWallet;
				PRODUCT_NAME = "$(TARGET_NAME)";
				SWIFT_EMIT_LOC_STRINGS = YES;
				SWIFT_VERSION = 5.0;
				TARGETED_DEVICE_FAMILY = "1,2";
			};
			name = Release;
		};
/* End XCBuildConfiguration section */

/* Begin XCConfigurationList section */
		5DA9B3C6286A755E0089D6DB /* Build configuration list for PBXProject "Examples" */ = {
			isa = XCConfigurationList;
			buildConfigurations = (
				5DA9B3DD286A755F0089D6DB /* Debug */,
				5DA9B3DE286A755F0089D6DB /* Release */,
			);
			defaultConfigurationIsVisible = 0;
			defaultConfigurationName = Release;
		};
		5DA9B3DF286A755F0089D6DB /* Build configuration list for PBXNativeTarget "SampleClient" */ = {
			isa = XCConfigurationList;
			buildConfigurations = (
				5DA9B3E0286A755F0089D6DB /* Debug */,
				5DA9B3E1286A755F0089D6DB /* Release */,
			);
			defaultConfigurationIsVisible = 0;
			defaultConfigurationName = Release;
		};
		5DFB1342292EC4AE0037B30B /* Build configuration list for PBXNativeTarget "SampleWallet" */ = {
			isa = XCConfigurationList;
			buildConfigurations = (
				5DFB1340292EC4AE0037B30B /* Debug */,
				5DFB1341292EC4AE0037B30B /* Release */,
			);
			defaultConfigurationIsVisible = 0;
			defaultConfigurationName = Release;
		};
/* End XCConfigurationList section */
	};
	rootObject = 5DA9B3C3286A755E0089D6DB /* Project object */;
}
