PODS:
  - CoinbaseWalletSDK (1.0.1):
    - CoinbaseWalletSDK/Client (= 1.0.1)
  - CoinbaseWalletSDK/Client (1.0.1)
  - CoinbaseWalletSDK/Host (1.0.1):
    - CoinbaseWalletSDK/Client

DEPENDENCIES:
  - CoinbaseWalletSDK (from `../../`)
  - CoinbaseWalletSDK/Host (from `../../`)

EXTERNAL SOURCES:
  CoinbaseWalletSDK:
    :path: "../../"

SPEC CHECKSUMS:
  CoinbaseWalletSDK: d63f1dac677f17e0bc94a6587088dc8502f47de1

PODFILE CHECKSUM: 89e6829e317c0542bb2dd4ba30fb2ea5a97d54f0

COCOAPODS: 1.11.3
