PODS:
  - CoinbaseWalletSDK (0.2.0)

DEPENDENCIES:
  - CoinbaseWalletSDK (from `../../`)

EXTERNAL SOURCES:
  CoinbaseWalletSDK:
    :path: "../../"

SPEC CHECKSUMS:
  CoinbaseWalletSDK: c0698aee8893cffe846d808c9218e28b6089fce4

PODFILE CHECKSUM: 258b9c0ec0f0d17a701912e5f713afb0de91d709

COCOAPODS: 1.11.3
