PODS:
  - CoinbaseWalletSDK (1.0.4):
    - CoinbaseWalletSDK/Client (= 1.0.4)
  - CoinbaseWalletSDK/Client (1.0.4):
    - CoinbaseWalletSDK/Core
  - CoinbaseWalletSDK/Core (1.0.4)
  - CoinbaseWalletSDK/Host (1.0.4):
    - CoinbaseWalletSDK/Core
  - CoinbaseWalletSDK/Test (1.0.4)

DEPENDENCIES:
  - CoinbaseWalletSDK (from `../../`)
  - CoinbaseWalletSDK/Host (from `../../`)
  - CoinbaseWalletSDK/Test (from `../../`)

EXTERNAL SOURCES:
  CoinbaseWalletSDK:
    :path: "../../"

SPEC CHECKSUMS:
  CoinbaseWalletSDK: 924f6028d2f57ba9079b2e157a912368388b19c4

PODFILE CHECKSUM: 3db38a51704fcc652b8fa0c7294b359a92d689bd

COCOAPODS: 1.11.3
